// !$*UTF8*$!
{
	archiveVersion = 1;
	classes = {
	};
	objectVersion = 56;
	objects = {

/* Begin PBXBuildFile section */
		9CA4A3FD2C9622E200CD441E /* SwiftfulThinkingBootcampApp.swift in Sources */ = {isa = PBXBuildFile; fileRef = 9CA4A3FC2C9622E200CD441E /* SwiftfulThinkingBootcampApp.swift */; };
		9CA4A3FF2C9622E200CD441E /* ContentView.swift in Sources */ = {isa = PBXBuildFile; fileRef = 9CA4A3FE2C9622E200CD441E /* ContentView.swift */; };
		9CA4A4012C9622E400CD441E /* Assets.xcassets in Resources */ = {isa = PBXBuildFile; fileRef = 9CA4A4002C9622E400CD441E /* Assets.xcassets */; };
		9CA4A4042C9622E400CD441E /* Preview Assets.xcassets in Resources */ = {isa = PBXBuildFile; fileRef = 9CA4A4032C9622E400CD441E /* Preview Assets.xcassets */; };
		9CA4A40E2C9622E500CD441E /* SwiftfulThinkingBootcampTests.swift in Sources */ = {isa = PBXBuildFile; fileRef = 9CA4A40D2C9622E500CD441E /* SwiftfulThinkingBootcampTests.swift */; };
		9CA4A4182C9622E500CD441E /* SwiftfulThinkingBootcampUITests.swift in Sources */ = {isa = PBXBuildFile; fileRef = 9CA4A4172C9622E500CD441E /* SwiftfulThinkingBootcampUITests.swift */; };
		9CA4A41A2C9622E500CD441E /* SwiftfulThinkingBootcampUITestsLaunchTests.swift in Sources */ = {isa = PBXBuildFile; fileRef = 9CA4A4192C9622E500CD441E /* SwiftfulThinkingBootcampUITestsLaunchTests.swift */; };
/* End PBXBuildFile section */

/* Begin PBXContainerItemProxy section */
		9CA4A40A2C9622E500CD441E /* PBXContainerItemProxy */ = {
			isa = PBXContainerItemProxy;
			containerPortal = 9CA4A3F12C9622E200CD441E /* Project object */;
			proxyType = 1;
			remoteGlobalIDString = 9CA4A3F82C9622E200CD441E;
			remoteInfo = SwiftfulThinkingBootcamp;
		};
		9CA4A4142C9622E500CD441E /* PBXContainerItemProxy */ = {
			isa = PBXContainerItemProxy;
			containerPortal = 9CA4A3F12C9622E200CD441E /* Project object */;
			proxyType = 1;
			remoteGlobalIDString = 9CA4A3F82C9622E200CD441E;
			remoteInfo = SwiftfulThinkingBootcamp;
		};
/* End PBXContainerItemProxy section */

/* Begin PBXFileReference section */
		9CA4A3F92C9622E200CD441E /* SwiftfulThinkingBootcamp.app */ = {isa = PBXFileReference; explicitFileType = wrapper.application; includeInIndex = 0; path = SwiftfulThinkingBootcamp.app; sourceTree = BUILT_PRODUCTS_DIR; };
		9CA4A3FC2C9622E200CD441E /* SwiftfulThinkingBootcampApp.swift */ = {isa = PBXFileReference; lastKnownFileType = sourcecode.swift; path = SwiftfulThinkingBootcampApp.swift; sourceTree = "<group>"; };
		9CA4A3FE2C9622E200CD441E /* ContentView.swift */ = {isa = PBXFileReference; lastKnownFileType = sourcecode.swift; path = ContentView.swift; sourceTree = "<group>"; };
		9CA4A4002C9622E400CD441E /* Assets.xcassets */ = {isa = PBXFileReference; lastKnownFileType = folder.assetcatalog; path = Assets.xcassets; sourceTree = "<group>"; };
		9CA4A4032C9622E400CD441E /* Preview Assets.xcassets */ = {isa = PBXFileReference; lastKnownFileType = folder.assetcatalog; path = "Preview Assets.xcassets"; sourceTree = "<group>"; };
		9CA4A4092C9622E500CD441E /* SwiftfulThinkingBootcampTests.xctest */ = {isa = PBXFileReference; explicitFileType = wrapper.cfbundle; includeInIndex = 0; path = SwiftfulThinkingBootcampTests.xctest; sourceTree = BUILT_PRODUCTS_DIR; };
		9CA4A40D2C9622E500CD441E /* SwiftfulThinkingBootcampTests.swift */ = {isa = PBXFileReference; lastKnownFileType = sourcecode.swift; path = SwiftfulThinkingBootcampTests.swift; sourceTree = "<group>"; };
		9CA4A4132C9622E500CD441E /* SwiftfulThinkingBootcampUITests.xctest */ = {isa = PBXFileReference; explicitFileType = wrapper.cfbundle; includeInIndex = 0; path = SwiftfulThinkingBootcampUITests.xctest; sourceTree = BUILT_PRODUCTS_DIR; };
		9CA4A4172C9622E500CD441E /* SwiftfulThinkingBootcampUITests.swift */ = {isa = PBXFileReference; lastKnownFileType = sourcecode.swift; path = SwiftfulThinkingBootcampUITests.swift; sourceTree = "<group>"; };
		9CA4A4192C9622E500CD441E /* SwiftfulThinkingBootcampUITestsLaunchTests.swift */ = {isa = PBXFileReference; lastKnownFileType = sourcecode.swift; path = SwiftfulThinkingBootcampUITestsLaunchTests.swift; sourceTree = "<group>"; };
/* End PBXFileReference section */

/* Begin PBXFrameworksBuildPhase section */
		9CA4A3F62C9622E200CD441E /* Frameworks */ = {
			isa = PBXFrameworksBuildPhase;
			buildActionMask = 2147483647;
			files = (
			);
			runOnlyForDeploymentPostprocessing = 0;
		};
		9CA4A4062C9622E500CD441E /* Frameworks */ = {
			isa = PBXFrameworksBuildPhase;
			buildActionMask = 2147483647;
			files = (
			);
			runOnlyForDeploymentPostprocessing = 0;
		};
		9CA4A4102C9622E500CD441E /* Frameworks */ = {
			isa = PBXFrameworksBuildPhase;
			buildActionMask = 2147483647;
			files = (
			);
			runOnlyForDeploymentPostprocessing = 0;
		};
/* End PBXFrameworksBuildPhase section */

/* Begin PBXGroup section */
		9CA4A3F02C9622E200CD441E = {
			isa = PBXGroup;
			children = (
				9CA4A3FB2C9622E200CD441E /* SwiftfulThinkingBootcamp */,
				9CA4A40C2C9622E500CD441E /* SwiftfulThinkingBootcampTests */,
				9CA4A4162C9622E500CD441E /* SwiftfulThinkingBootcampUITests */,
				9CA4A3FA2C9622E200CD441E /* Products */,
			);
			sourceTree = "<group>";
		};
		9CA4A3FA2C9622E200CD441E /* Products */ = {
			isa = PBXGroup;
			children = (
				9CA4A3F92C9622E200CD441E /* SwiftfulThinkingBootcamp.app */,
				9CA4A4092C9622E500CD441E /* SwiftfulThinkingBootcampTests.xctest */,
				9CA4A4132C9622E500CD441E /* SwiftfulThinkingBootcampUITests.xctest */,
			);
			name = Products;
			sourceTree = "<group>";
		};
		9CA4A3FB2C9622E200CD441E /* SwiftfulThinkingBootcamp */ = {
			isa = PBXGroup;
			children = (
				9CA4A3FC2C9622E200CD441E /* SwiftfulThinkingBootcampApp.swift */,
				9CA4A3FE2C9622E200CD441E /* ContentView.swift */,
				9CA4A4002C9622E400CD441E /* Assets.xcassets */,
				9CA4A4022C9622E400CD441E /* Preview Content */,
			);
			path = SwiftfulThinkingBootcamp;
			sourceTree = "<group>";
		};
		9CA4A4022C9622E400CD441E /* Preview Content */ = {
			isa = PBXGroup;
			children = (
				9CA4A4032C9622E400CD441E /* Preview Assets.xcassets */,
			);
			path = "Preview Content";
			sourceTree = "<group>";
		};
		9CA4A40C2C9622E500CD441E /* SwiftfulThinkingBootcampTests */ = {
			isa = PBXGroup;
			children = (
				9CA4A40D2C9622E500CD441E /* SwiftfulThinkingBootcampTests.swift */,
			);
			path = SwiftfulThinkingBootcampTests;
			sourceTree = "<group>";
		};
		9CA4A4162C9622E500CD441E /* SwiftfulThinkingBootcampUITests */ = {
			isa = PBXGroup;
			children = (
				9CA4A4172C9622E500CD441E /* SwiftfulThinkingBootcampUITests.swift */,
				9CA4A4192C9622E500CD441E /* SwiftfulThinkingBootcampUITestsLaunchTests.swift */,
			);
			path = SwiftfulThinkingBootcampUITests;
			sourceTree = "<group>";
		};
/* End PBXGroup section */

/* Begin PBXNativeTarget section */
		9CA4A3F82C9622E200CD441E /* SwiftfulThinkingBootcamp */ = {
			isa = PBXNativeTarget;
			buildConfigurationList = 9CA4A41D2C9622E500CD441E /* Build configuration list for PBXNativeTarget "SwiftfulThinkingBootcamp" */;
			buildPhases = (
				9CA4A3F52C9622E200CD441E /* Sources */,
				9CA4A3F62C9622E200CD441E /* Frameworks */,
				9CA4A3F72C9622E200CD441E /* Resources */,
			);
			buildRules = (
			);
			dependencies = (
			);
			name = SwiftfulThinkingBootcamp;
			productName = SwiftfulThinkingBootcamp;
			productReference = 9CA4A3F92C9622E200CD441E /* SwiftfulThinkingBootcamp.app */;
			productType = "com.apple.product-type.application";
		};
		9CA4A4082C9622E500CD441E /* SwiftfulThinkingBootcampTests */ = {
			isa = PBXNativeTarget;
			buildConfigurationList = 9CA4A4202C9622E500CD441E /* Build configuration list for PBXNativeTarget "SwiftfulThinkingBootcampTests" */;
			buildPhases = (
				9CA4A4052C9622E500CD441E /* Sources */,
				9CA4A4062C9622E500CD441E /* Frameworks */,
				9CA4A4072C9622E500CD441E /* Resources */,
			);
			buildRules = (
			);
			dependencies = (
				9CA4A40B2C9622E500CD441E /* PBXTargetDependency */,
			);
			name = SwiftfulThinkingBootcampTests;
			productName = SwiftfulThinkingBootcampTests;
			productReference = 9CA4A4092C9622E500CD441E /* SwiftfulThinkingBootcampTests.xctest */;
			productType = "com.apple.product-type.bundle.unit-test";
		};
		9CA4A4122C9622E500CD441E /* SwiftfulThinkingBootcampUITests */ = {
			isa = PBXNativeTarget;
			buildConfigurationList = 9CA4A4232C9622E500CD441E /* Build configuration list for PBXNativeTarget "SwiftfulThinkingBootcampUITests" */;
			buildPhases = (
				9CA4A40F2C9622E500CD441E /* Sources */,
				9CA4A4102C9622E500CD441E /* Frameworks */,
				9CA4A4112C9622E500CD441E /* Resources */,
			);
			buildRules = (
			);
			dependencies = (
				9CA4A4152C9622E500CD441E /* PBXTargetDependency */,
			);
			name = SwiftfulThinkingBootcampUITests;
			productName = SwiftfulThinkingBootcampUITests;
			productReference = 9CA4A4132C9622E500CD441E /* SwiftfulThinkingBootcampUITests.xctest */;
			productType = "com.apple.product-type.bundle.ui-testing";
		};
/* End PBXNativeTarget section */

/* Begin PBXProject section */
		9CA4A3F12C9622E200CD441E /* Project object */ = {
			isa = PBXProject;
			attributes = {
				BuildIndependentTargetsInParallel = 1;
				LastSwiftUpdateCheck = 1540;
				LastUpgradeCheck = 1540;
				TargetAttributes = {
					9CA4A3F82C9622E200CD441E = {
						CreatedOnToolsVersion = 15.4;
					};
					9CA4A4082C9622E500CD441E = {
						CreatedOnToolsVersion = 15.4;
						TestTargetID = 9CA4A3F82C9622E200CD441E;
					};
					9CA4A4122C9622E500CD441E = {
						CreatedOnToolsVersion = 15.4;
						TestTargetID = 9CA4A3F82C9622E200CD441E;
					};
				};
			};
			buildConfigurationList = 9CA4A3F42C9622E200CD441E /* Build configuration list for PBXProject "SwiftfulThinkingBootcamp" */;
			compatibilityVersion = "Xcode 14.0";
			developmentRegion = en;
			hasScannedForEncodings = 0;
			knownRegions = (
				en,
				Base,
			);
			mainGroup = 9CA4A3F02C9622E200CD441E;
			productRefGroup = 9CA4A3FA2C9622E200CD441E /* Products */;
			projectDirPath = "";
			projectRoot = "";
			targets = (
				9CA4A3F82C9622E200CD441E /* SwiftfulThinkingBootcamp */,
				9CA4A4082C9622E500CD441E /* SwiftfulThinkingBootcampTests */,
				9CA4A4122C9622E500CD441E /* SwiftfulThinkingBootcampUITests */,
			);
		};
/* End PBXProject section */

/* Begin PBXResourcesBuildPhase section */
		9CA4A3F72C9622E200CD441E /* Resources */ = {
			isa = PBXResourcesBuildPhase;
			buildActionMask = 2147483647;
			files = (
				9CA4A4042C9622E400CD441E /* Preview Assets.xcassets in Resources */,
				9CA4A4012C9622E400CD441E /* Assets.xcassets in Resources */,
			);
			runOnlyForDeploymentPostprocessing = 0;
		};
		9CA4A4072C9622E500CD441E /* Resources */ = {
			isa = PBXResourcesBuildPhase;
			buildActionMask = 2147483647;
			files = (
			);
			runOnlyForDeploymentPostprocessing = 0;
		};
		9CA4A4112C9622E500CD441E /* Resources */ = {
			isa = PBXResourcesBuildPhase;
			buildActionMask = 2147483647;
			files = (
			);
			runOnlyForDeploymentPostprocessing = 0;
		};
/* End PBXResourcesBuildPhase section */

/* Begin PBXSourcesBuildPhase section */
		9CA4A3F52C9622E200CD441E /* Sources */ = {
			isa = PBXSourcesBuildPhase;
			buildActionMask = 2147483647;
			files = (
				9CA4A3FF2C9622E200CD441E /* ContentView.swift in Sources */,
				9CA4A3FD2C9622E200CD441E /* SwiftfulThinkingBootcampApp.swift in Sources */,
			);
			runOnlyForDeploymentPostprocessing = 0;
		};
		9CA4A4052C9622E500CD441E /* Sources */ = {
			isa = PBXSourcesBuildPhase;
			buildActionMask = 2147483647;
			files = (
				9CA4A40E2C9622E500CD441E /* SwiftfulThinkingBootcampTests.swift in Sources */,
			);
			runOnlyForDeploymentPostprocessing = 0;
		};
		9CA4A40F2C9622E500CD441E /* Sources */ = {
			isa = PBXSourcesBuildPhase;
			buildActionMask = 2147483647;
			files = (
				9CA4A4182C9622E500CD441E /* SwiftfulThinkingBootcampUITests.swift in Sources */,
				9CA4A41A2C9622E500CD441E /* SwiftfulThinkingBootcampUITestsLaunchTests.swift in Sources */,
			);
			runOnlyForDeploymentPostprocessing = 0;
		};
/* End PBXSourcesBuildPhase section */

/* Begin PBXTargetDependency section */
		9CA4A40B2C9622E500CD441E /* PBXTargetDependency */ = {
			isa = PBXTargetDependency;
			target = 9CA4A3F82C9622E200CD441E /* SwiftfulThinkingBootcamp */;
			targetProxy = 9CA4A40A2C9622E500CD441E /* PBXContainerItemProxy */;
		};
		9CA4A4152C9622E500CD441E /* PBXTargetDependency */ = {
			isa = PBXTargetDependency;
			target = 9CA4A3F82C9622E200CD441E /* SwiftfulThinkingBootcamp */;
			targetProxy = 9CA4A4142C9622E500CD441E /* PBXContainerItemProxy */;
		};
/* End PBXTargetDependency section */

/* Begin XCBuildConfiguration section */
		9CA4A41B2C9622E500CD441E /* Debug */ = {
			isa = XCBuildConfiguration;
			buildSettings = {
				ALWAYS_SEARCH_USER_PATHS = NO;
				ASSETCATALOG_COMPILER_GENERATE_SWIFT_ASSET_SYMBOL_EXTENSIONS = YES;
				CLANG_ANALYZER_NONNULL = YES;
				CLANG_ANALYZER_NUMBER_OBJECT_CONVERSION = YES_AGGRESSIVE;
				CLANG_CXX_LANGUAGE_STANDARD = "gnu++20";
				CLANG_ENABLE_MODULES = YES;
				CLANG_ENABLE_OBJC_ARC = YES;
				CLANG_ENABLE_OBJC_WEAK = YES;
				CLANG_WARN_BLOCK_CAPTURE_AUTORELEASING = YES;
				CLANG_WARN_BOOL_CONVERSION = YES;
				CLANG_WARN_COMMA = YES;
				CLANG_WARN_CONSTANT_CONVERSION = YES;
				CLANG_WARN_DEPRECATED_OBJC_IMPLEMENTATIONS = YES;
				CLANG_WARN_DIRECT_OBJC_ISA_USAGE = YES_ERROR;
				CLANG_WARN_DOCUMENTATION_COMMENTS = YES;
				CLANG_WARN_EMPTY_BODY = YES;
				CLANG_WARN_ENUM_CONVERSION = YES;
				CLANG_WARN_INFINITE_RECURSION = YES;
				CLANG_WARN_INT_CONVERSION = YES;
				CLANG_WARN_NON_LITERAL_NULL_CONVERSION = YES;
				CLANG_WARN_OBJC_IMPLICIT_RETAIN_SELF = YES;
				CLANG_WARN_OBJC_LITERAL_CONVERSION = YES;
				CLANG_WARN_OBJC_ROOT_CLASS = YES_ERROR;
				CLANG_WARN_QUOTED_INCLUDE_IN_FRAMEWORK_HEADER = YES;
				CLANG_WARN_RANGE_LOOP_ANALYSIS = YES;
				CLANG_WARN_STRICT_PROTOTYPES = YES;
				CLANG_WARN_SUSPICIOUS_MOVE = YES;
				CLANG_WARN_UNGUARDED_AVAILABILITY = YES_AGGRESSIVE;
				CLANG_WARN_UNREACHABLE_CODE = YES;
				CLANG_WARN__DUPLICATE_METHOD_MATCH = YES;
				COPY_PHASE_STRIP = NO;
				DEBUG_INFORMATION_FORMAT = dwarf;
				ENABLE_STRICT_OBJC_MSGSEND = YES;
				ENABLE_TESTABILITY = YES;
				ENABLE_USER_SCRIPT_SANDBOXING = YES;
				GCC_C_LANGUAGE_STANDARD = gnu17;
				GCC_DYNAMIC_NO_PIC = NO;
				GCC_NO_COMMON_BLOCKS = YES;
				GCC_OPTIMIZATION_LEVEL = 0;
				GCC_PREPROCESSOR_DEFINITIONS = (
					"DEBUG=1",
					"$(inherited)",
				);
				GCC_WARN_64_TO_32_BIT_CONVERSION = YES;
				GCC_WARN_ABOUT_RETURN_TYPE = YES_ERROR;
				GCC_WARN_UNDECLARED_SELECTOR = YES;
				GCC_WARN_UNINITIALIZED_AUTOS = YES_AGGRESSIVE;
				GCC_WARN_UNUSED_FUNCTION = YES;
				GCC_WARN_UNUSED_VARIABLE = YES;
				IPHONEOS_DEPLOYMENT_TARGET = 17.5;
				LOCALIZATION_PREFERS_STRING_CATALOGS = YES;
				MTL_ENABLE_DEBUG_INFO = INCLUDE_SOURCE;
				MTL_FAST_MATH = YES;
				ONLY_ACTIVE_ARCH = YES;
				SDKROOT = iphoneos;
				SWIFT_ACTIVE_COMPILATION_CONDITIONS = "DEBUG $(inherited)";
				SWIFT_OPTIMIZATION_LEVEL = "-Onone";
			};
			name = Debug;
		};
		9CA4A41C2C9622E500CD441E /* Release */ = {
			isa = XCBuildConfiguration;
			buildSettings = {
				ALWAYS_SEARCH_USER_PATHS = NO;
				ASSETCATALOG_COMPILER_GENERATE_SWIFT_ASSET_SYMBOL_EXTENSIONS = YES;
				CLANG_ANALYZER_NONNULL = YES;
				CLANG_ANALYZER_NUMBER_OBJECT_CONVERSION = YES_AGGRESSIVE;
				CLANG_CXX_LANGUAGE_STANDARD = "gnu++20";
				CLANG_ENABLE_MODULES = YES;
				CLANG_ENABLE_OBJC_ARC = YES;
				CLANG_ENABLE_OBJC_WEAK = YES;
				CLANG_WARN_BLOCK_CAPTURE_AUTORELEASING = YES;
				CLANG_WARN_BOOL_CONVERSION = YES;
				CLANG_WARN_COMMA = YES;
				CLANG_WARN_CONSTANT_CONVERSION = YES;
				CLANG_WARN_DEPRECATED_OBJC_IMPLEMENTATIONS = YES;
				CLANG_WARN_DIRECT_OBJC_ISA_USAGE = YES_ERROR;
				CLANG_WARN_DOCUMENTATION_COMMENTS = YES;
				CLANG_WARN_EMPTY_BODY = YES;
				CLANG_WARN_ENUM_CONVERSION = YES;
				CLANG_WARN_INFINITE_RECURSION = YES;
				CLANG_WARN_INT_CONVERSION = YES;
				CLANG_WARN_NON_LITERAL_NULL_CONVERSION = YES;
				CLANG_WARN_OBJC_IMPLICIT_RETAIN_SELF = YES;
				CLANG_WARN_OBJC_LITERAL_CONVERSION = YES;
				CLANG_WARN_OBJC_ROOT_CLASS = YES_ERROR;
				CLANG_WARN_QUOTED_INCLUDE_IN_FRAMEWORK_HEADER = YES;
				CLANG_WARN_RANGE_LOOP_ANALYSIS = YES;
				CLANG_WARN_STRICT_PROTOTYPES = YES;
				CLANG_WARN_SUSPICIOUS_MOVE = YES;
				CLANG_WARN_UNGUARDED_AVAILABILITY = YES_AGGRESSIVE;
				CLANG_WARN_UNREACHABLE_CODE = YES;
				CLANG_WARN__DUPLICATE_METHOD_MATCH = YES;
				COPY_PHASE_STRIP = NO;
				DEBUG_INFORMATION_FORMAT = "dwarf-with-dsym";
				ENABLE_NS_ASSERTIONS = NO;
				ENABLE_STRICT_OBJC_MSGSEND = YES;
				ENABLE_USER_SCRIPT_SANDBOXING = YES;
				GCC_C_LANGUAGE_STANDARD = gnu17;
				GCC_NO_COMMON_BLOCKS = YES;
				GCC_WARN_64_TO_32_BIT_CONVERSION = YES;
				GCC_WARN_ABOUT_RETURN_TYPE = YES_ERROR;
				GCC_WARN_UNDECLARED_SELECTOR = YES;
				GCC_WARN_UNINITIALIZED_AUTOS = YES_AGGRESSIVE;
				GCC_WARN_UNUSED_FUNCTION = YES;
				GCC_WARN_UNUSED_VARIABLE = YES;
				IPHONEOS_DEPLOYMENT_TARGET = 17.5;
				LOCALIZATION_PREFERS_STRING_CATALOGS = YES;
				MTL_ENABLE_DEBUG_INFO = NO;
				MTL_FAST_MATH = YES;
				SDKROOT = iphoneos;
				SWIFT_COMPILATION_MODE = wholemodule;
				VALIDATE_PRODUCT = YES;
			};
			name = Release;
		};
		9CA4A41E2C9622E500CD441E /* Debug */ = {
			isa = XCBuildConfiguration;
			buildSettings = {
				ASSETCATALOG_COMPILER_APPICON_NAME = AppIcon;
				ASSETCATALOG_COMPILER_GLOBAL_ACCENT_COLOR_NAME = AccentColor;
				CODE_SIGN_STYLE = Automatic;
				CURRENT_PROJECT_VERSION = 1;
				DEVELOPMENT_ASSET_PATHS = "\"SwiftfulThinkingBootcamp/Preview Content\"";
				ENABLE_PREVIEWS = YES;
				GENERATE_INFOPLIST_FILE = YES;
				INFOPLIST_KEY_UIApplicationSceneManifest_Generation = YES;
				INFOPLIST_KEY_UIApplicationSupportsIndirectInputEvents = YES;
				INFOPLIST_KEY_UILaunchScreen_Generation = YES;
				INFOPLIST_KEY_UISupportedInterfaceOrientations_iPad = "UIInterfaceOrientationPortrait UIInterfaceOrientationPortraitUpsideDown UIInterfaceOrientationLandscapeLeft UIInterfaceOrientationLandscapeRight";
				INFOPLIST_KEY_UISupportedInterfaceOrientations_iPhone = "UIInterfaceOrientationPortrait UIInterfaceOrientationLandscapeLeft UIInterfaceOrientationLandscapeRight";
				LD_RUNPATH_SEARCH_PATHS = (
					"$(inherited)",
					"@executable_path/Frameworks",
				);
				MARKETING_VERSION = 1.0;
				PRODUCT_BUNDLE_IDENTIFIER = com.hussain.SwiftfulThinkingBootcamp;
				PRODUCT_NAME = "$(TARGET_NAME)";
				SWIFT_EMIT_LOC_STRINGS = YES;
				SWIFT_VERSION = 5.0;
				TARGETED_DEVICE_FAMILY = "1,2";
			};
			name = Debug;
		};
		9CA4A41F2C9622E500CD441E /* Release */ = {
			isa = XCBuildConfiguration;
			buildSettings = {
				ASSETCATALOG_COMPILER_APPICON_NAME = AppIcon;
				ASSETCATALOG_COMPILER_GLOBAL_ACCENT_COLOR_NAME = AccentColor;
				CODE_SIGN_STYLE = Automatic;
				CURRENT_PROJECT_VERSION = 1;
				DEVELOPMENT_ASSET_PATHS = "\"SwiftfulThinkingBootcamp/Preview Content\"";
				ENABLE_PREVIEWS = YES;
				GENERATE_INFOPLIST_FILE = YES;
				INFOPLIST_KEY_UIApplicationSceneManifest_Generation = YES;
				INFOPLIST_KEY_UIApplicationSupportsIndirectInputEvents = YES;
				INFOPLIST_KEY_UILaunchScreen_Generation = YES;
				INFOPLIST_KEY_UISupportedInterfaceOrientations_iPad = "UIInterfaceOrientationPortrait UIInterfaceOrientationPortraitUpsideDown UIInterfaceOrientationLandscapeLeft UIInterfaceOrientationLandscapeRight";
				INFOPLIST_KEY_UISupportedInterfaceOrientations_iPhone = "UIInterfaceOrientationPortrait UIInterfaceOrientationLandscapeLeft UIInterfaceOrientationLandscapeRight";
				LD_RUNPATH_SEARCH_PATHS = (
					"$(inherited)",
					"@executable_path/Frameworks",
				);
				MARKETING_VERSION = 1.0;
				PRODUCT_BUNDLE_IDENTIFIER = com.hussain.SwiftfulThinkingBootcamp;
				PRODUCT_NAME = "$(TARGET_NAME)";
				SWIFT_EMIT_LOC_STRINGS = YES;
				SWIFT_VERSION = 5.0;
				TARGETED_DEVICE_FAMILY = "1,2";
			};
			name = Release;
		};
		9CA4A4212C9622E500CD441E /* Debug */ = {
			isa = XCBuildConfiguration;
			buildSettings = {
				ALWAYS_EMBED_SWIFT_STANDARD_LIBRARIES = YES;
				BUNDLE_LOADER = "$(TEST_HOST)";
				CODE_SIGN_STYLE = Automatic;
				CURRENT_PROJECT_VERSION = 1;
				GENERATE_INFOPLIST_FILE = YES;
				IPHONEOS_DEPLOYMENT_TARGET = 17.5;
				MARKETING_VERSION = 1.0;
				PRODUCT_BUNDLE_IDENTIFIER = com.hussain.SwiftfulThinkingBootcampTests;
				PRODUCT_NAME = "$(TARGET_NAME)";
				SWIFT_EMIT_LOC_STRINGS = NO;
				SWIFT_VERSION = 5.0;
				TARGETED_DEVICE_FAMILY = "1,2";
				TEST_HOST = "$(BUILT_PRODUCTS_DIR)/SwiftfulThinkingBootcamp.app/$(BUNDLE_EXECUTABLE_FOLDER_PATH)/SwiftfulThinkingBootcamp";
			};
			name = Debug;
		};
		9CA4A4222C9622E500CD441E /* Release */ = {
			isa = XCBuildConfiguration;
			buildSettings = {
				ALWAYS_EMBED_SWIFT_STANDARD_LIBRARIES = YES;
				BUNDLE_LOADER = "$(TEST_HOST)";
				CODE_SIGN_STYLE = Automatic;
				CURRENT_PROJECT_VERSION = 1;
				GENERATE_INFOPLIST_FILE = YES;
				IPHONEOS_DEPLOYMENT_TARGET = 17.5;
				MARKETING_VERSION = 1.0;
				PRODUCT_BUNDLE_IDENTIFIER = com.hussain.SwiftfulThinkingBootcampTests;
				PRODUCT_NAME = "$(TARGET_NAME)";
				SWIFT_EMIT_LOC_STRINGS = NO;
				SWIFT_VERSION = 5.0;
				TARGETED_DEVICE_FAMILY = "1,2";
				TEST_HOST = "$(BUILT_PRODUCTS_DIR)/SwiftfulThinkingBootcamp.app/$(BUNDLE_EXECUTABLE_FOLDER_PATH)/SwiftfulThinkingBootcamp";
			};
			name = Release;
		};
		9CA4A4242C9622E500CD441E /* Debug */ = {
			isa = XCBuildConfiguration;
			buildSettings = {
				ALWAYS_EMBED_SWIFT_STANDARD_LIBRARIES = YES;
				CODE_SIGN_STYLE = Automatic;
				CURRENT_PROJECT_VERSION = 1;
				GENERATE_INFOPLIST_FILE = YES;
				MARKETING_VERSION = 1.0;
				PRODUCT_BUNDLE_IDENTIFIER = com.hussain.SwiftfulThinkingBootcampUITests;
				PRODUCT_NAME = "$(TARGET_NAME)";
				SWIFT_EMIT_LOC_STRINGS = NO;
				SWIFT_VERSION = 5.0;
				TARGETED_DEVICE_FAMILY = "1,2";
				TEST_TARGET_NAME = SwiftfulThinkingBootcamp;
			};
			name = Debug;
		};
		9CA4A4252C9622E500CD441E /* Release */ = {
			isa = XCBuildConfiguration;
			buildSettings = {
				ALWAYS_EMBED_SWIFT_STANDARD_LIBRARIES = YES;
				CODE_SIGN_STYLE = Automatic;
				CURRENT_PROJECT_VERSION = 1;
				GENERATE_INFOPLIST_FILE = YES;
				MARKETING_VERSION = 1.0;
				PRODUCT_BUNDLE_IDENTIFIER = com.hussain.SwiftfulThinkingBootcampUITests;
				PRODUCT_NAME = "$(TARGET_NAME)";
				SWIFT_EMIT_LOC_STRINGS = NO;
				SWIFT_VERSION = 5.0;
				TARGETED_DEVICE_FAMILY = "1,2";
				TEST_TARGET_NAME = SwiftfulThinkingBootcamp;
			};
			name = Release;
		};
/* End XCBuildConfiguration section */

/* Begin XCConfigurationList section */
		9CA4A3F42C9622E200CD441E /* Build configuration list for PBXProject "SwiftfulThinkingBootcamp" */ = {
			isa = XCConfigurationList;
			buildConfigurations = (
				9CA4A41B2C9622E500CD441E /* Debug */,
				9CA4A41C2C9622E500CD441E /* Release */,
			);
			defaultConfigurationIsVisible = 0;
			defaultConfigurationName = Release;
		};
		9CA4A41D2C9622E500CD441E /* Build configuration list for PBXNativeTarget "SwiftfulThinkingBootcamp" */ = {
			isa = XCConfigurationList;
			buildConfigurations = (
				9CA4A41E2C9622E500CD441E /* Debug */,
				9CA4A41F2C9622E500CD441E /* Release */,
			);
			defaultConfigurationIsVisible = 0;
			defaultConfigurationName = Release;
		};
		9CA4A4202C9622E500CD441E /* Build configuration list for PBXNativeTarget "SwiftfulThinkingBootcampTests" */ = {
			isa = XCConfigurationList;
			buildConfigurations = (
				9CA4A4212C9622E500CD441E /* Debug */,
				9CA4A4222C9622E500CD441E /* Release */,
			);
			defaultConfigurationIsVisible = 0;
			defaultConfigurationName = Release;
		};
		9CA4A4232C9622E500CD441E /* Build configuration list for PBXNativeTarget "SwiftfulThinkingBootcampUITests" */ = {
			isa = XCConfigurationList;
			buildConfigurations = (
				9CA4A4242C9622E500CD441E /* Debug */,
				9CA4A4252C9622E500CD441E /* Release */,
			);
			defaultConfigurationIsVisible = 0;
			defaultConfigurationName = Release;
		};
/* End XCConfigurationList section */
	};
	rootObject = 9CA4A3F12C9622E200CD441E /* Project object */;
}
